name: Update system_clock.md

on:
  schedule:
    - cron: '0 * * * *'  # every hour
  workflow_dispatch:

jobs:
  update-clock:
    runs-on: ubuntu-latest
    env:
      TZ: America/New_York

    steps:
      - name: Checkout repo
        uses: actions/checkout@v3

      - name: Update system_clock.md
        run: |
          echo "## System Clock" > shared/system_clock.md
          echo "" >> shared/system_clock.md
          echo "Last updated: $(date)" >> shared/system_clock.md

      - name: Commit and push
        run: |
          git config --global user.name 'SiveAI'
          git config --global user.email 'actions@github.com'
          git add shared/system_clock.md
          git commit -m "⏰ Clock sync (ET)"
          git push
